
Microsoft Visual Studio Solution File, Format Version 12.00
# Visual Studio 15
VisualStudioVersion = 15.0.27428.2015
MinimumVisualStudioVersion = 10.0.40219.1
Project("{FAE04EC0-301F-11D3-BF4B-00C04F79EFBC}") = "Vidly", "Vidly\Vidly.csproj", "{4313E528-52A5-403E-9871-3556C14A5FE7}"
EndProject
Global
	GlobalSection(SolutionConfigurationPlatforms) = preSolution
		Debug|Any CPU = Debug|Any CPU
		Release|Any CPU = Release|Any CPU
	EndGlobalSection
	GlobalSection(ProjectConfigurationPlatforms) = postSolution
		{4313E528-52A5-403E-9871-3556C14A5FE7}.Debug|Any CPU.ActiveCfg = Debug|Any CPU
		{4313E528-52A5-403E-9871-3556C14A5FE7}.Debug|Any CPU.Build.0 = Debug|Any CPU
		{4313E528-52A5-403E-9871-3556C14A5FE7}.Release|Any CPU.ActiveCfg = Release|Any CPU
		{4313E528-52A5-403E-9871-3556C14A5FE7}.Release|Any CPU.Build.0 = Release|Any CPU
	EndGlobalSection
	GlobalSection(SolutionProperties) = preSolution
		HideSolutionNode = FALSE
	EndGlobalSection
	GlobalSection(ExtensibilityGlobals) = postSolution
		SolutionGuid = {1486610B-3AB5-47F7-8443-7221BC1A8A2A}
	EndGlobalSection
EndGlobal
